
Microsoft Visual Studio Solution File, Format Version 11.00
# Visual Studio 2010
Project("{FAE04EC0-301F-11D3-BF4B-00C04F79EFBC}") = "FileUploader", "FileUploader\FileUploader.csproj", "{63F9F24C-51D6-4C5F-AB2E-9D6716D331FF}"
EndProject
Project("{FAE04EC0-301F-11D3-BF4B-00C04F79EFBC}") = "DataModel", "DataModel\DataModel.csproj", "{C57BD862-C33D-40A5-8000-1197CDA12A9E}"
EndProject
Project("{FAE04EC0-301F-11D3-BF4B-00C04F79EFBC}") = "SqlServer_Functions", "SqlServer_Functions\SqlServer_Functions.csproj", "{6DC59D4D-BD72-4AF1-88FA-4E96C8818966}"
EndProject
Project("{FAE04EC0-301F-11D3-BF4B-00C04F79EFBC}") = "SqlServer_Files", "SqlServer_Files\SqlServer_Files.csproj", "{DBE62DDD-8B81-4C7C-970F-AC171C97B42A}"
EndProject
Global
	GlobalSection(SolutionConfigurationPlatforms) = preSolution
		Debug|Any CPU = Debug|Any CPU
		Debug|Mixed Platforms = Debug|Mixed Platforms
		Debug|x86 = Debug|x86
		Release|Any CPU = Release|Any CPU
		Release|Mixed Platforms = Release|Mixed Platforms
		Release|x86 = Release|x86
	EndGlobalSection
	GlobalSection(ProjectConfigurationPlatforms) = postSolution
		{63F9F24C-51D6-4C5F-AB2E-9D6716D331FF}.Debug|Any CPU.ActiveCfg = Debug|x86
		{63F9F24C-51D6-4C5F-AB2E-9D6716D331FF}.Debug|Mixed Platforms.ActiveCfg = Debug|x86
		{63F9F24C-51D6-4C5F-AB2E-9D6716D331FF}.Debug|Mixed Platforms.Build.0 = Debug|x86
		{63F9F24C-51D6-4C5F-AB2E-9D6716D331FF}.Debug|x86.ActiveCfg = Debug|x86
		{63F9F24C-51D6-4C5F-AB2E-9D6716D331FF}.Debug|x86.Build.0 = Debug|x86
		{63F9F24C-51D6-4C5F-AB2E-9D6716D331FF}.Release|Any CPU.ActiveCfg = Release|x86
		{63F9F24C-51D6-4C5F-AB2E-9D6716D331FF}.Release|Mixed Platforms.ActiveCfg = Release|x86
		{63F9F24C-51D6-4C5F-AB2E-9D6716D331FF}.Release|Mixed Platforms.Build.0 = Release|x86
		{63F9F24C-51D6-4C5F-AB2E-9D6716D331FF}.Release|x86.ActiveCfg = Release|x86
		{63F9F24C-51D6-4C5F-AB2E-9D6716D331FF}.Release|x86.Build.0 = Release|x86
		{C57BD862-C33D-40A5-8000-1197CDA12A9E}.Debug|Any CPU.ActiveCfg = Debug|Any CPU
		{C57BD862-C33D-40A5-8000-1197CDA12A9E}.Debug|Any CPU.Build.0 = Debug|Any CPU
		{C57BD862-C33D-40A5-8000-1197CDA12A9E}.Debug|Mixed Platforms.ActiveCfg = Debug|Any CPU
		{C57BD862-C33D-40A5-8000-1197CDA12A9E}.Debug|Mixed Platforms.Build.0 = Debug|Any CPU
		{C57BD862-C33D-40A5-8000-1197CDA12A9E}.Debug|x86.ActiveCfg = Debug|Any CPU
		{C57BD862-C33D-40A5-8000-1197CDA12A9E}.Release|Any CPU.ActiveCfg = Release|Any CPU
		{C57BD862-C33D-40A5-8000-1197CDA12A9E}.Release|Any CPU.Build.0 = Release|Any CPU
		{C57BD862-C33D-40A5-8000-1197CDA12A9E}.Release|Mixed Platforms.ActiveCfg = Release|Any CPU
		{C57BD862-C33D-40A5-8000-1197CDA12A9E}.Release|Mixed Platforms.Build.0 = Release|Any CPU
		{C57BD862-C33D-40A5-8000-1197CDA12A9E}.Release|x86.ActiveCfg = Release|Any CPU
		{6DC59D4D-BD72-4AF1-88FA-4E96C8818966}.Debug|Any CPU.ActiveCfg = Debug|Any CPU
		{6DC59D4D-BD72-4AF1-88FA-4E96C8818966}.Debug|Any CPU.Build.0 = Debug|Any CPU
		{6DC59D4D-BD72-4AF1-88FA-4E96C8818966}.Debug|Any CPU.Deploy.0 = Debug|Any CPU
		{6DC59D4D-BD72-4AF1-88FA-4E96C8818966}.Debug|Mixed Platforms.ActiveCfg = Debug|Any CPU
		{6DC59D4D-BD72-4AF1-88FA-4E96C8818966}.Debug|Mixed Platforms.Build.0 = Debug|Any CPU
		{6DC59D4D-BD72-4AF1-88FA-4E96C8818966}.Debug|x86.ActiveCfg = Debug|Any CPU
		{6DC59D4D-BD72-4AF1-88FA-4E96C8818966}.Release|Any CPU.ActiveCfg = Release|Any CPU
		{6DC59D4D-BD72-4AF1-88FA-4E96C8818966}.Release|Any CPU.Build.0 = Release|Any CPU
		{6DC59D4D-BD72-4AF1-88FA-4E96C8818966}.Release|Any CPU.Deploy.0 = Release|Any CPU
		{6DC59D4D-BD72-4AF1-88FA-4E96C8818966}.Release|Mixed Platforms.ActiveCfg = Release|Any CPU
		{6DC59D4D-BD72-4AF1-88FA-4E96C8818966}.Release|Mixed Platforms.Build.0 = Release|Any CPU
		{6DC59D4D-BD72-4AF1-88FA-4E96C8818966}.Release|Mixed Platforms.Deploy.0 = Release|Any CPU
		{6DC59D4D-BD72-4AF1-88FA-4E96C8818966}.Release|x86.ActiveCfg = Release|Any CPU
		{DBE62DDD-8B81-4C7C-970F-AC171C97B42A}.Debug|Any CPU.ActiveCfg = Debug|Any CPU
		{DBE62DDD-8B81-4C7C-970F-AC171C97B42A}.Debug|Any CPU.Build.0 = Debug|Any CPU
		{DBE62DDD-8B81-4C7C-970F-AC171C97B42A}.Debug|Any CPU.Deploy.0 = Debug|Any CPU
		{DBE62DDD-8B81-4C7C-970F-AC171C97B42A}.Debug|Mixed Platforms.ActiveCfg = Debug|Any CPU
		{DBE62DDD-8B81-4C7C-970F-AC171C97B42A}.Debug|Mixed Platforms.Build.0 = Debug|Any CPU
		{DBE62DDD-8B81-4C7C-970F-AC171C97B42A}.Debug|Mixed Platforms.Deploy.0 = Debug|Any CPU
		{DBE62DDD-8B81-4C7C-970F-AC171C97B42A}.Debug|x86.ActiveCfg = Debug|Any CPU
		{DBE62DDD-8B81-4C7C-970F-AC171C97B42A}.Release|Any CPU.ActiveCfg = Release|Any CPU
		{DBE62DDD-8B81-4C7C-970F-AC171C97B42A}.Release|Any CPU.Build.0 = Release|Any CPU
		{DBE62DDD-8B81-4C7C-970F-AC171C97B42A}.Release|Any CPU.Deploy.0 = Release|Any CPU
		{DBE62DDD-8B81-4C7C-970F-AC171C97B42A}.Release|Mixed Platforms.ActiveCfg = Release|Any CPU
		{DBE62DDD-8B81-4C7C-970F-AC171C97B42A}.Release|Mixed Platforms.Build.0 = Release|Any CPU
		{DBE62DDD-8B81-4C7C-970F-AC171C97B42A}.Release|Mixed Platforms.Deploy.0 = Release|Any CPU
		{DBE62DDD-8B81-4C7C-970F-AC171C97B42A}.Release|x86.ActiveCfg = Release|Any CPU
	EndGlobalSection
	GlobalSection(SolutionProperties) = preSolution
		HideSolutionNode = FALSE
	EndGlobalSection
EndGlobal
